
Microsoft Visual Studio Solution File, Format Version 12.00
# Visual Studio 15
Project("{FAE04EC0-301F-11D3-BF4B-00C04F79EFBC}") = "UnityEngine.TestRunner", "UnityEngine.TestRunner.csproj", "{87E0D4A3-81F7-671A-B435-DAF9494A401C}"
EndProject
Project("{FAE04EC0-301F-11D3-BF4B-00C04F79EFBC}") = "Unity.2D.Animation.Triangle.Runtime", "Unity.2D.Animation.Triangle.Runtime.csproj", "{F8A065E3-8DF0-FB97-2294-758D53BD5CBA}"
EndProject
Project("{FAE04EC0-301F-11D3-BF4B-00C04F79EFBC}") = "UnityEngine.UI", "UnityEngine.UI.csproj", "{2A3D4B42-58F8-B087-7933-B5C5EB7AB509}"
EndProject
Project("{FAE04EC0-301F-11D3-BF4B-00C04F79EFBC}") = "Unity.TextMeshPro", "Unity.TextMeshPro.csproj", "{D25C566E-5C39-6033-0DBA-3BDAB5C5E0F0}"
EndProject
Project("{FAE04EC0-301F-11D3-BF4B-00C04F79EFBC}") = "Unity.2D.Animation.Runtime", "Unity.2D.Animation.Runtime.csproj", "{B4174A8B-279B-1C3B-4CCA-B1CC2E5DA509}"
EndProject
Project("{FAE04EC0-301F-11D3-BF4B-00C04F79EFBC}") = "Unity.Timeline", "Unity.Timeline.csproj", "{537D7617-5667-0360-3CCA-4AC3D7136AD0}"
EndProject
Project("{FAE04EC0-301F-11D3-BF4B-00C04F79EFBC}") = "AstarPathfindingProject", "AstarPathfindingProject.csproj", "{B22FBFA8-9513-5363-B173-186287830899}"
EndProject
Project("{FAE04EC0-301F-11D3-BF4B-00C04F79EFBC}") = "Assembly-CSharp", "Assembly-CSharp.csproj", "{773D889E-606D-E5B0-C9FB-C662979C1207}"
EndProject
Project("{FAE04EC0-301F-11D3-BF4B-00C04F79EFBC}") = "Unity.Mathematics", "Unity.Mathematics.csproj", "{417E79A3-175E-0329-E52E-BA937983F91C}"
EndProject
Project("{FAE04EC0-301F-11D3-BF4B-00C04F79EFBC}") = "Unity.2D.SpriteShape.Runtime", "Unity.2D.SpriteShape.Runtime.csproj", "{7754C297-5FAB-3F30-00F0-F46B884F6478}"
EndProject
Project("{FAE04EC0-301F-11D3-BF4B-00C04F79EFBC}") = "Unity.2D.PixelPerfect", "Unity.2D.PixelPerfect.csproj", "{797D102D-0176-20E7-CBDC-C9708F9AE1B9}"
EndProject
Project("{FAE04EC0-301F-11D3-BF4B-00C04F79EFBC}") = "Unity.InternalAPIEngineBridge.001", "Unity.InternalAPIEngineBridge.001.csproj", "{A40B5824-5B9E-25DB-2B86-C9000F5346D1}"
EndProject
Project("{FAE04EC0-301F-11D3-BF4B-00C04F79EFBC}") = "Unity.2D.Common.Runtime", "Unity.2D.Common.Runtime.csproj", "{0BB57287-20B6-7B6C-2F2D-C2D5D9BDB10C}"
EndProject
Project("{FAE04EC0-301F-11D3-BF4B-00C04F79EFBC}") = "Unity.TextMeshPro.Editor", "Unity.TextMeshPro.Editor.csproj", "{118A3ED6-27EF-F146-3ACC-F518FAC25C4C}"
EndProject
Project("{FAE04EC0-301F-11D3-BF4B-00C04F79EFBC}") = "Unity.Timeline.Editor", "Unity.Timeline.Editor.csproj", "{76589CF0-9FBD-CABB-127B-1ACAA04773AD}"
EndProject
Project("{FAE04EC0-301F-11D3-BF4B-00C04F79EFBC}") = "Unity.CollabProxy.Editor", "Unity.CollabProxy.Editor.csproj", "{F568627F-342A-54BC-9F15-D9F9736F73C3}"
EndProject
Project("{FAE04EC0-301F-11D3-BF4B-00C04F79EFBC}") = "UnityEditor.TestRunner", "UnityEditor.TestRunner.csproj", "{69A62E75-7D97-442E-B309-9997C9416A3E}"
EndProject
Project("{FAE04EC0-301F-11D3-BF4B-00C04F79EFBC}") = "Unity.2D.Animation.Editor", "Unity.2D.Animation.Editor.csproj", "{B71D0D32-EA40-99E5-A915-B3872068EF24}"
EndProject
Project("{FAE04EC0-301F-11D3-BF4B-00C04F79EFBC}") = "Unity.2D.Path.Editor", "Unity.2D.Path.Editor.csproj", "{01D022D6-23E8-0C59-13D8-B8CD5CB33E78}"
EndProject
Project("{FAE04EC0-301F-11D3-BF4B-00C04F79EFBC}") = "AstarPathfindingProjectEditor", "AstarPathfindingProjectEditor.csproj", "{282BF836-9D50-2F36-9DB5-025C1209E572}"
EndProject
Project("{FAE04EC0-301F-11D3-BF4B-00C04F79EFBC}") = "Unity.2D.Sprite.Editor", "Unity.2D.Sprite.Editor.csproj", "{97EA076E-F7CA-34FC-E4CE-3DC0C492ECEF}"
EndProject
Project("{FAE04EC0-301F-11D3-BF4B-00C04F79EFBC}") = "UnityEditor.UI", "UnityEditor.UI.csproj", "{F4386FDF-A545-8D8C-311D-8CFBF6CF3AB2}"
EndProject
Project("{FAE04EC0-301F-11D3-BF4B-00C04F79EFBC}") = "Unity.Rider.Editor", "Unity.Rider.Editor.csproj", "{79B966FC-24FE-F581-BA4A-4353DAA71132}"
EndProject
Project("{FAE04EC0-301F-11D3-BF4B-00C04F79EFBC}") = "Unity.2D.Tilemap.Editor", "Unity.2D.Tilemap.Editor.csproj", "{871E018A-E3AC-996D-322E-7A3ADDBB857A}"
EndProject
Project("{FAE04EC0-301F-11D3-BF4B-00C04F79EFBC}") = "Unity.VisualStudio.Editor", "Unity.VisualStudio.Editor.csproj", "{3A29D746-B3B0-51A1-4B76-413FC1DF1C28}"
EndProject
Project("{FAE04EC0-301F-11D3-BF4B-00C04F79EFBC}") = "Unity.2D.SpriteShape.Editor", "Unity.2D.SpriteShape.Editor.csproj", "{589C94DE-DBC1-B246-7CB8-5F2791BE71C4}"
EndProject
Project("{FAE04EC0-301F-11D3-BF4B-00C04F79EFBC}") = "PsdPlugin", "PsdPlugin.csproj", "{0D6B8E3A-A950-ADBD-C8ED-F8E303EDB244}"
EndProject
Project("{FAE04EC0-301F-11D3-BF4B-00C04F79EFBC}") = "PackageToolsEditor", "PackageToolsEditor.csproj", "{A6F9680B-AD2D-D077-8B01-533413D2C1E6}"
EndProject
Project("{FAE04EC0-301F-11D3-BF4B-00C04F79EFBC}") = "Unity.2D.Common.Editor", "Unity.2D.Common.Editor.csproj", "{AA08D673-B5BF-8EE5-DFD9-25A706628E79}"
EndProject
Project("{FAE04EC0-301F-11D3-BF4B-00C04F79EFBC}") = "Unity.VSCode.Editor", "Unity.VSCode.Editor.csproj", "{E998C8D5-F60D-E7F1-8225-D49CC1D0E023}"
EndProject
Project("{FAE04EC0-301F-11D3-BF4B-00C04F79EFBC}") = "Unity.2D.Psdimporter.Editor", "Unity.2D.Psdimporter.Editor.csproj", "{6B446B42-D0C3-8026-88A0-6ED06F9BECA9}"
EndProject
Project("{FAE04EC0-301F-11D3-BF4B-00C04F79EFBC}") = "Unity.2D.PixelPerfect.Editor", "Unity.2D.PixelPerfect.Editor.csproj", "{A8A39FFF-8A33-2C62-E7FC-BA98B67C716D}"
EndProject
Project("{FAE04EC0-301F-11D3-BF4B-00C04F79EFBC}") = "Unity.Mathematics.Editor", "Unity.Mathematics.Editor.csproj", "{CB3E8933-F543-5026-4FE2-0F5061813979}"
EndProject
Project("{FAE04EC0-301F-11D3-BF4B-00C04F79EFBC}") = "Unity.InternalAPIEditorBridge.001", "Unity.InternalAPIEditorBridge.001.csproj", "{2F96BC1D-A502-FF7D-90A3-4D93086C9EBC}"
EndProject
Project("{FAE04EC0-301F-11D3-BF4B-00C04F79EFBC}") = "UnityEngine.TestRunner", "UnityEngine.TestRunner.Player.csproj", "{0165A277-5987-1C6F-DF9D-82683C220B12}"
EndProject
Project("{FAE04EC0-301F-11D3-BF4B-00C04F79EFBC}") = "Unity.2D.Animation.Triangle.Runtime", "Unity.2D.Animation.Triangle.Runtime.Player.csproj", "{8BBA35F4-E5B4-B68D-0608-8130685C9263}"
EndProject
Project("{FAE04EC0-301F-11D3-BF4B-00C04F79EFBC}") = "UnityEngine.UI", "UnityEngine.UI.Player.csproj", "{402CA7D3-FAE8-C9AF-B98D-2828342EA679}"
EndProject
Project("{FAE04EC0-301F-11D3-BF4B-00C04F79EFBC}") = "Unity.TextMeshPro", "Unity.TextMeshPro.Player.csproj", "{9D7EFF3B-6B44-923B-53B6-5D97E702FE17}"
EndProject
Project("{FAE04EC0-301F-11D3-BF4B-00C04F79EFBC}") = "Unity.2D.Animation.Runtime", "Unity.2D.Animation.Runtime.Player.csproj", "{5A5F54FF-CA86-8A66-1DDE-687CD7579EB4}"
EndProject
Project("{FAE04EC0-301F-11D3-BF4B-00C04F79EFBC}") = "Unity.Timeline", "Unity.Timeline.Player.csproj", "{E59278B6-C263-2247-5553-AF6F8F1038E3}"
EndProject
Project("{FAE04EC0-301F-11D3-BF4B-00C04F79EFBC}") = "AstarPathfindingProject", "AstarPathfindingProject.Player.csproj", "{8DB502AD-FBF7-C14B-E209-1E888164FA3B}"
EndProject
Project("{FAE04EC0-301F-11D3-BF4B-00C04F79EFBC}") = "Assembly-CSharp", "Assembly-CSharp.Player.csproj", "{F8084E4D-C6E0-6116-5588-8B47F52D9E2F}"
EndProject
Project("{FAE04EC0-301F-11D3-BF4B-00C04F79EFBC}") = "Unity.Mathematics", "Unity.Mathematics.Player.csproj", "{88F412C1-FC84-87F6-B42F-9A9341A71664}"
EndProject
Project("{FAE04EC0-301F-11D3-BF4B-00C04F79EFBC}") = "Unity.2D.SpriteShape.Runtime", "Unity.2D.SpriteShape.Runtime.Player.csproj", "{E1042946-C2BE-B309-83E6-9257AF9AF338}"
EndProject
Project("{FAE04EC0-301F-11D3-BF4B-00C04F79EFBC}") = "Unity.2D.PixelPerfect", "Unity.2D.PixelPerfect.Player.csproj", "{C5D04EBA-B5C5-FF97-8194-3630B4132638}"
EndProject
Project("{FAE04EC0-301F-11D3-BF4B-00C04F79EFBC}") = "Unity.InternalAPIEngineBridge.001", "Unity.InternalAPIEngineBridge.001.Player.csproj", "{FE9B3FD1-BD40-9693-1476-BDE02A363AF5}"
EndProject
Project("{FAE04EC0-301F-11D3-BF4B-00C04F79EFBC}") = "Unity.2D.Common.Runtime", "Unity.2D.Common.Runtime.Player.csproj", "{8BCCD306-09C6-03A2-F7CF-9B401AF4C360}"
EndProject
Global
	GlobalSection(SolutionConfigurationPlatforms) = preSolution
		Debug|Any CPU = Debug|Any CPU
		Release|Any CPU = Release|Any CPU
	EndGlobalSection
	GlobalSection(ProjectConfigurationPlatforms) = postSolution
		{87E0D4A3-81F7-671A-B435-DAF9494A401C}.Debug|Any CPU.ActiveCfg = Debug|Any CPU
		{87E0D4A3-81F7-671A-B435-DAF9494A401C}.Debug|Any CPU.Build.0 = Debug|Any CPU
		{87E0D4A3-81F7-671A-B435-DAF9494A401C}.Release|Any CPU.ActiveCfg = Release|Any CPU
		{87E0D4A3-81F7-671A-B435-DAF9494A401C}.Release|Any CPU.Build.0 = Release|Any CPU
		{F8A065E3-8DF0-FB97-2294-758D53BD5CBA}.Debug|Any CPU.ActiveCfg = Debug|Any CPU
		{F8A065E3-8DF0-FB97-2294-758D53BD5CBA}.Debug|Any CPU.Build.0 = Debug|Any CPU
		{F8A065E3-8DF0-FB97-2294-758D53BD5CBA}.Release|Any CPU.ActiveCfg = Release|Any CPU
		{F8A065E3-8DF0-FB97-2294-758D53BD5CBA}.Release|Any CPU.Build.0 = Release|Any CPU
		{2A3D4B42-58F8-B087-7933-B5C5EB7AB509}.Debug|Any CPU.ActiveCfg = Debug|Any CPU
		{2A3D4B42-58F8-B087-7933-B5C5EB7AB509}.Debug|Any CPU.Build.0 = Debug|Any CPU
		{2A3D4B42-58F8-B087-7933-B5C5EB7AB509}.Release|Any CPU.ActiveCfg = Release|Any CPU
		{2A3D4B42-58F8-B087-7933-B5C5EB7AB509}.Release|Any CPU.Build.0 = Release|Any CPU
		{D25C566E-5C39-6033-0DBA-3BDAB5C5E0F0}.Debug|Any CPU.ActiveCfg = Debug|Any CPU
		{D25C566E-5C39-6033-0DBA-3BDAB5C5E0F0}.Debug|Any CPU.Build.0 = Debug|Any CPU
		{D25C566E-5C39-6033-0DBA-3BDAB5C5E0F0}.Release|Any CPU.ActiveCfg = Release|Any CPU
		{D25C566E-5C39-6033-0DBA-3BDAB5C5E0F0}.Release|Any CPU.Build.0 = Release|Any CPU
		{B4174A8B-279B-1C3B-4CCA-B1CC2E5DA509}.Debug|Any CPU.ActiveCfg = Debug|Any CPU
		{B4174A8B-279B-1C3B-4CCA-B1CC2E5DA509}.Debug|Any CPU.Build.0 = Debug|Any CPU
		{B4174A8B-279B-1C3B-4CCA-B1CC2E5DA509}.Release|Any CPU.ActiveCfg = Release|Any CPU
		{B4174A8B-279B-1C3B-4CCA-B1CC2E5DA509}.Release|Any CPU.Build.0 = Release|Any CPU
		{537D7617-5667-0360-3CCA-4AC3D7136AD0}.Debug|Any CPU.ActiveCfg = Debug|Any CPU
		{537D7617-5667-0360-3CCA-4AC3D7136AD0}.Debug|Any CPU.Build.0 = Debug|Any CPU
		{537D7617-5667-0360-3CCA-4AC3D7136AD0}.Release|Any CPU.ActiveCfg = Release|Any CPU
		{537D7617-5667-0360-3CCA-4AC3D7136AD0}.Release|Any CPU.Build.0 = Release|Any CPU
		{B22FBFA8-9513-5363-B173-186287830899}.Debug|Any CPU.ActiveCfg = Debug|Any CPU
		{B22FBFA8-9513-5363-B173-186287830899}.Debug|Any CPU.Build.0 = Debug|Any CPU
		{B22FBFA8-9513-5363-B173-186287830899}.Release|Any CPU.ActiveCfg = Release|Any CPU
		{B22FBFA8-9513-5363-B173-186287830899}.Release|Any CPU.Build.0 = Release|Any CPU
		{773D889E-606D-E5B0-C9FB-C662979C1207}.Debug|Any CPU.ActiveCfg = Debug|Any CPU
		{773D889E-606D-E5B0-C9FB-C662979C1207}.Debug|Any CPU.Build.0 = Debug|Any CPU
		{773D889E-606D-E5B0-C9FB-C662979C1207}.Release|Any CPU.ActiveCfg = Release|Any CPU
		{773D889E-606D-E5B0-C9FB-C662979C1207}.Release|Any CPU.Build.0 = Release|Any CPU
		{417E79A3-175E-0329-E52E-BA937983F91C}.Debug|Any CPU.ActiveCfg = Debug|Any CPU
		{417E79A3-175E-0329-E52E-BA937983F91C}.Debug|Any CPU.Build.0 = Debug|Any CPU
		{417E79A3-175E-0329-E52E-BA937983F91C}.Release|Any CPU.ActiveCfg = Release|Any CPU
		{417E79A3-175E-0329-E52E-BA937983F91C}.Release|Any CPU.Build.0 = Release|Any CPU
		{7754C297-5FAB-3F30-00F0-F46B884F6478}.Debug|Any CPU.ActiveCfg = Debug|Any CPU
		{7754C297-5FAB-3F30-00F0-F46B884F6478}.Debug|Any CPU.Build.0 = Debug|Any CPU
		{7754C297-5FAB-3F30-00F0-F46B884F6478}.Release|Any CPU.ActiveCfg = Release|Any CPU
		{7754C297-5FAB-3F30-00F0-F46B884F6478}.Release|Any CPU.Build.0 = Release|Any CPU
		{797D102D-0176-20E7-CBDC-C9708F9AE1B9}.Debug|Any CPU.ActiveCfg = Debug|Any CPU
		{797D102D-0176-20E7-CBDC-C9708F9AE1B9}.Debug|Any CPU.Build.0 = Debug|Any CPU
		{797D102D-0176-20E7-CBDC-C9708F9AE1B9}.Release|Any CPU.ActiveCfg = Release|Any CPU
		{797D102D-0176-20E7-CBDC-C9708F9AE1B9}.Release|Any CPU.Build.0 = Release|Any CPU
		{A40B5824-5B9E-25DB-2B86-C9000F5346D1}.Debug|Any CPU.ActiveCfg = Debug|Any CPU
		{A40B5824-5B9E-25DB-2B86-C9000F5346D1}.Debug|Any CPU.Build.0 = Debug|Any CPU
		{A40B5824-5B9E-25DB-2B86-C9000F5346D1}.Release|Any CPU.ActiveCfg = Release|Any CPU
		{A40B5824-5B9E-25DB-2B86-C9000F5346D1}.Release|Any CPU.Build.0 = Release|Any CPU
		{0BB57287-20B6-7B6C-2F2D-C2D5D9BDB10C}.Debug|Any CPU.ActiveCfg = Debug|Any CPU
		{0BB57287-20B6-7B6C-2F2D-C2D5D9BDB10C}.Debug|Any CPU.Build.0 = Debug|Any CPU
		{0BB57287-20B6-7B6C-2F2D-C2D5D9BDB10C}.Release|Any CPU.ActiveCfg = Release|Any CPU
		{0BB57287-20B6-7B6C-2F2D-C2D5D9BDB10C}.Release|Any CPU.Build.0 = Release|Any CPU
		{118A3ED6-27EF-F146-3ACC-F518FAC25C4C}.Debug|Any CPU.ActiveCfg = Debug|Any CPU
		{118A3ED6-27EF-F146-3ACC-F518FAC25C4C}.Debug|Any CPU.Build.0 = Debug|Any CPU
		{118A3ED6-27EF-F146-3ACC-F518FAC25C4C}.Release|Any CPU.ActiveCfg = Release|Any CPU
		{118A3ED6-27EF-F146-3ACC-F518FAC25C4C}.Release|Any CPU.Build.0 = Release|Any CPU
		{76589CF0-9FBD-CABB-127B-1ACAA04773AD}.Debug|Any CPU.ActiveCfg = Debug|Any CPU
		{76589CF0-9FBD-CABB-127B-1ACAA04773AD}.Debug|Any CPU.Build.0 = Debug|Any CPU
		{76589CF0-9FBD-CABB-127B-1ACAA04773AD}.Release|Any CPU.ActiveCfg = Release|Any CPU
		{76589CF0-9FBD-CABB-127B-1ACAA04773AD}.Release|Any CPU.Build.0 = Release|Any CPU
		{F568627F-342A-54BC-9F15-D9F9736F73C3}.Debug|Any CPU.ActiveCfg = Debug|Any CPU
		{F568627F-342A-54BC-9F15-D9F9736F73C3}.Debug|Any CPU.Build.0 = Debug|Any CPU
		{F568627F-342A-54BC-9F15-D9F9736F73C3}.Release|Any CPU.ActiveCfg = Release|Any CPU
		{F568627F-342A-54BC-9F15-D9F9736F73C3}.Release|Any CPU.Build.0 = Release|Any CPU
		{69A62E75-7D97-442E-B309-9997C9416A3E}.Debug|Any CPU.ActiveCfg = Debug|Any CPU
		{69A62E75-7D97-442E-B309-9997C9416A3E}.Debug|Any CPU.Build.0 = Debug|Any CPU
		{69A62E75-7D97-442E-B309-9997C9416A3E}.Release|Any CPU.ActiveCfg = Release|Any CPU
		{69A62E75-7D97-442E-B309-9997C9416A3E}.Release|Any CPU.Build.0 = Release|Any CPU
		{B71D0D32-EA40-99E5-A915-B3872068EF24}.Debug|Any CPU.ActiveCfg = Debug|Any CPU
		{B71D0D32-EA40-99E5-A915-B3872068EF24}.Debug|Any CPU.Build.0 = Debug|Any CPU
		{B71D0D32-EA40-99E5-A915-B3872068EF24}.Release|Any CPU.ActiveCfg = Release|Any CPU
		{B71D0D32-EA40-99E5-A915-B3872068EF24}.Release|Any CPU.Build.0 = Release|Any CPU
		{01D022D6-23E8-0C59-13D8-B8CD5CB33E78}.Debug|Any CPU.ActiveCfg = Debug|Any CPU
		{01D022D6-23E8-0C59-13D8-B8CD5CB33E78}.Debug|Any CPU.Build.0 = Debug|Any CPU
		{01D022D6-23E8-0C59-13D8-B8CD5CB33E78}.Release|Any CPU.ActiveCfg = Release|Any CPU
		{01D022D6-23E8-0C59-13D8-B8CD5CB33E78}.Release|Any CPU.Build.0 = Release|Any CPU
		{282BF836-9D50-2F36-9DB5-025C1209E572}.Debug|Any CPU.ActiveCfg = Debug|Any CPU
		{282BF836-9D50-2F36-9DB5-025C1209E572}.Debug|Any CPU.Build.0 = Debug|Any CPU
		{282BF836-9D50-2F36-9DB5-025C1209E572}.Release|Any CPU.ActiveCfg = Release|Any CPU
		{282BF836-9D50-2F36-9DB5-025C1209E572}.Release|Any CPU.Build.0 = Release|Any CPU
		{97EA076E-F7CA-34FC-E4CE-3DC0C492ECEF}.Debug|Any CPU.ActiveCfg = Debug|Any CPU
		{97EA076E-F7CA-34FC-E4CE-3DC0C492ECEF}.Debug|Any CPU.Build.0 = Debug|Any CPU
		{97EA076E-F7CA-34FC-E4CE-3DC0C492ECEF}.Release|Any CPU.ActiveCfg = Release|Any CPU
		{97EA076E-F7CA-34FC-E4CE-3DC0C492ECEF}.Release|Any CPU.Build.0 = Release|Any CPU
		{F4386FDF-A545-8D8C-311D-8CFBF6CF3AB2}.Debug|Any CPU.ActiveCfg = Debug|Any CPU
		{F4386FDF-A545-8D8C-311D-8CFBF6CF3AB2}.Debug|Any CPU.Build.0 = Debug|Any CPU
		{F4386FDF-A545-8D8C-311D-8CFBF6CF3AB2}.Release|Any CPU.ActiveCfg = Release|Any CPU
		{F4386FDF-A545-8D8C-311D-8CFBF6CF3AB2}.Release|Any CPU.Build.0 = Release|Any CPU
		{79B966FC-24FE-F581-BA4A-4353DAA71132}.Debug|Any CPU.ActiveCfg = Debug|Any CPU
		{79B966FC-24FE-F581-BA4A-4353DAA71132}.Debug|Any CPU.Build.0 = Debug|Any CPU
		{79B966FC-24FE-F581-BA4A-4353DAA71132}.Release|Any CPU.ActiveCfg = Release|Any CPU
		{79B966FC-24FE-F581-BA4A-4353DAA71132}.Release|Any CPU.Build.0 = Release|Any CPU
		{871E018A-E3AC-996D-322E-7A3ADDBB857A}.Debug|Any CPU.ActiveCfg = Debug|Any CPU
		{871E018A-E3AC-996D-322E-7A3ADDBB857A}.Debug|Any CPU.Build.0 = Debug|Any CPU
		{871E018A-E3AC-996D-322E-7A3ADDBB857A}.Release|Any CPU.ActiveCfg = Release|Any CPU
		{871E018A-E3AC-996D-322E-7A3ADDBB857A}.Release|Any CPU.Build.0 = Release|Any CPU
		{3A29D746-B3B0-51A1-4B76-413FC1DF1C28}.Debug|Any CPU.ActiveCfg = Debug|Any CPU
		{3A29D746-B3B0-51A1-4B76-413FC1DF1C28}.Debug|Any CPU.Build.0 = Debug|Any CPU
		{3A29D746-B3B0-51A1-4B76-413FC1DF1C28}.Release|Any CPU.ActiveCfg = Release|Any CPU
		{3A29D746-B3B0-51A1-4B76-413FC1DF1C28}.Release|Any CPU.Build.0 = Release|Any CPU
		{589C94DE-DBC1-B246-7CB8-5F2791BE71C4}.Debug|Any CPU.ActiveCfg = Debug|Any CPU
		{589C94DE-DBC1-B246-7CB8-5F2791BE71C4}.Debug|Any CPU.Build.0 = Debug|Any CPU
		{589C94DE-DBC1-B246-7CB8-5F2791BE71C4}.Release|Any CPU.ActiveCfg = Release|Any CPU
		{589C94DE-DBC1-B246-7CB8-5F2791BE71C4}.Release|Any CPU.Build.0 = Release|Any CPU
		{0D6B8E3A-A950-ADBD-C8ED-F8E303EDB244}.Debug|Any CPU.ActiveCfg = Debug|Any CPU
		{0D6B8E3A-A950-ADBD-C8ED-F8E303EDB244}.Debug|Any CPU.Build.0 = Debug|Any CPU
		{0D6B8E3A-A950-ADBD-C8ED-F8E303EDB244}.Release|Any CPU.ActiveCfg = Release|Any CPU
		{0D6B8E3A-A950-ADBD-C8ED-F8E303EDB244}.Release|Any CPU.Build.0 = Release|Any CPU
		{A6F9680B-AD2D-D077-8B01-533413D2C1E6}.Debug|Any CPU.ActiveCfg = Debug|Any CPU
		{A6F9680B-AD2D-D077-8B01-533413D2C1E6}.Debug|Any CPU.Build.0 = Debug|Any CPU
		{A6F9680B-AD2D-D077-8B01-533413D2C1E6}.Release|Any CPU.ActiveCfg = Release|Any CPU
		{A6F9680B-AD2D-D077-8B01-533413D2C1E6}.Release|Any CPU.Build.0 = Release|Any CPU
		{AA08D673-B5BF-8EE5-DFD9-25A706628E79}.Debug|Any CPU.ActiveCfg = Debug|Any CPU
		{AA08D673-B5BF-8EE5-DFD9-25A706628E79}.Debug|Any CPU.Build.0 = Debug|Any CPU
		{AA08D673-B5BF-8EE5-DFD9-25A706628E79}.Release|Any CPU.ActiveCfg = Release|Any CPU
		{AA08D673-B5BF-8EE5-DFD9-25A706628E79}.Release|Any CPU.Build.0 = Release|Any CPU
		{E998C8D5-F60D-E7F1-8225-D49CC1D0E023}.Debug|Any CPU.ActiveCfg = Debug|Any CPU
		{E998C8D5-F60D-E7F1-8225-D49CC1D0E023}.Debug|Any CPU.Build.0 = Debug|Any CPU
		{E998C8D5-F60D-E7F1-8225-D49CC1D0E023}.Release|Any CPU.ActiveCfg = Release|Any CPU
		{E998C8D5-F60D-E7F1-8225-D49CC1D0E023}.Release|Any CPU.Build.0 = Release|Any CPU
		{6B446B42-D0C3-8026-88A0-6ED06F9BECA9}.Debug|Any CPU.ActiveCfg = Debug|Any CPU
		{6B446B42-D0C3-8026-88A0-6ED06F9BECA9}.Debug|Any CPU.Build.0 = Debug|Any CPU
		{6B446B42-D0C3-8026-88A0-6ED06F9BECA9}.Release|Any CPU.ActiveCfg = Release|Any CPU
		{6B446B42-D0C3-8026-88A0-6ED06F9BECA9}.Release|Any CPU.Build.0 = Release|Any CPU
		{A8A39FFF-8A33-2C62-E7FC-BA98B67C716D}.Debug|Any CPU.ActiveCfg = Debug|Any CPU
		{A8A39FFF-8A33-2C62-E7FC-BA98B67C716D}.Debug|Any CPU.Build.0 = Debug|Any CPU
		{A8A39FFF-8A33-2C62-E7FC-BA98B67C716D}.Release|Any CPU.ActiveCfg = Release|Any CPU
		{A8A39FFF-8A33-2C62-E7FC-BA98B67C716D}.Release|Any CPU.Build.0 = Release|Any CPU
		{CB3E8933-F543-5026-4FE2-0F5061813979}.Debug|Any CPU.ActiveCfg = Debug|Any CPU
		{CB3E8933-F543-5026-4FE2-0F5061813979}.Debug|Any CPU.Build.0 = Debug|Any CPU
		{CB3E8933-F543-5026-4FE2-0F5061813979}.Release|Any CPU.ActiveCfg = Release|Any CPU
		{CB3E8933-F543-5026-4FE2-0F5061813979}.Release|Any CPU.Build.0 = Release|Any CPU
		{2F96BC1D-A502-FF7D-90A3-4D93086C9EBC}.Debug|Any CPU.ActiveCfg = Debug|Any CPU
		{2F96BC1D-A502-FF7D-90A3-4D93086C9EBC}.Debug|Any CPU.Build.0 = Debug|Any CPU
		{2F96BC1D-A502-FF7D-90A3-4D93086C9EBC}.Release|Any CPU.ActiveCfg = Release|Any CPU
		{2F96BC1D-A502-FF7D-90A3-4D93086C9EBC}.Release|Any CPU.Build.0 = Release|Any CPU
		{0165A277-5987-1C6F-DF9D-82683C220B12}.Debug|Any CPU.ActiveCfg = Debug|Any CPU
		{0165A277-5987-1C6F-DF9D-82683C220B12}.Debug|Any CPU.Build.0 = Debug|Any CPU
		{0165A277-5987-1C6F-DF9D-82683C220B12}.Release|Any CPU.ActiveCfg = Release|Any CPU
		{0165A277-5987-1C6F-DF9D-82683C220B12}.Release|Any CPU.Build.0 = Release|Any CPU
		{8BBA35F4-E5B4-B68D-0608-8130685C9263}.Debug|Any CPU.ActiveCfg = Debug|Any CPU
		{8BBA35F4-E5B4-B68D-0608-8130685C9263}.Debug|Any CPU.Build.0 = Debug|Any CPU
		{8BBA35F4-E5B4-B68D-0608-8130685C9263}.Release|Any CPU.ActiveCfg = Release|Any CPU
		{8BBA35F4-E5B4-B68D-0608-8130685C9263}.Release|Any CPU.Build.0 = Release|Any CPU
		{402CA7D3-FAE8-C9AF-B98D-2828342EA679}.Debug|Any CPU.ActiveCfg = Debug|Any CPU
		{402CA7D3-FAE8-C9AF-B98D-2828342EA679}.Debug|Any CPU.Build.0 = Debug|Any CPU
		{402CA7D3-FAE8-C9AF-B98D-2828342EA679}.Release|Any CPU.ActiveCfg = Release|Any CPU
		{402CA7D3-FAE8-C9AF-B98D-2828342EA679}.Release|Any CPU.Build.0 = Release|Any CPU
		{9D7EFF3B-6B44-923B-53B6-5D97E702FE17}.Debug|Any CPU.ActiveCfg = Debug|Any CPU
		{9D7EFF3B-6B44-923B-53B6-5D97E702FE17}.Debug|Any CPU.Build.0 = Debug|Any CPU
		{9D7EFF3B-6B44-923B-53B6-5D97E702FE17}.Release|Any CPU.ActiveCfg = Release|Any CPU
		{9D7EFF3B-6B44-923B-53B6-5D97E702FE17}.Release|Any CPU.Build.0 = Release|Any CPU
		{5A5F54FF-CA86-8A66-1DDE-687CD7579EB4}.Debug|Any CPU.ActiveCfg = Debug|Any CPU
		{5A5F54FF-CA86-8A66-1DDE-687CD7579EB4}.Debug|Any CPU.Build.0 = Debug|Any CPU
		{5A5F54FF-CA86-8A66-1DDE-687CD7579EB4}.Release|Any CPU.ActiveCfg = Release|Any CPU
		{5A5F54FF-CA86-8A66-1DDE-687CD7579EB4}.Release|Any CPU.Build.0 = Release|Any CPU
		{E59278B6-C263-2247-5553-AF6F8F1038E3}.Debug|Any CPU.ActiveCfg = Debug|Any CPU
		{E59278B6-C263-2247-5553-AF6F8F1038E3}.Debug|Any CPU.Build.0 = Debug|Any CPU
		{E59278B6-C263-2247-5553-AF6F8F1038E3}.Release|Any CPU.ActiveCfg = Release|Any CPU
		{E59278B6-C263-2247-5553-AF6F8F1038E3}.Release|Any CPU.Build.0 = Release|Any CPU
		{8DB502AD-FBF7-C14B-E209-1E888164FA3B}.Debug|Any CPU.ActiveCfg = Debug|Any CPU
		{8DB502AD-FBF7-C14B-E209-1E888164FA3B}.Debug|Any CPU.Build.0 = Debug|Any CPU
		{8DB502AD-FBF7-C14B-E209-1E888164FA3B}.Release|Any CPU.ActiveCfg = Release|Any CPU
		{8DB502AD-FBF7-C14B-E209-1E888164FA3B}.Release|Any CPU.Build.0 = Release|Any CPU
		{F8084E4D-C6E0-6116-5588-8B47F52D9E2F}.Debug|Any CPU.ActiveCfg = Debug|Any CPU
		{F8084E4D-C6E0-6116-5588-8B47F52D9E2F}.Debug|Any CPU.Build.0 = Debug|Any CPU
		{F8084E4D-C6E0-6116-5588-8B47F52D9E2F}.Release|Any CPU.ActiveCfg = Release|Any CPU
		{F8084E4D-C6E0-6116-5588-8B47F52D9E2F}.Release|Any CPU.Build.0 = Release|Any CPU
		{88F412C1-FC84-87F6-B42F-9A9341A71664}.Debug|Any CPU.ActiveCfg = Debug|Any CPU
		{88F412C1-FC84-87F6-B42F-9A9341A71664}.Debug|Any CPU.Build.0 = Debug|Any CPU
		{88F412C1-FC84-87F6-B42F-9A9341A71664}.Release|Any CPU.ActiveCfg = Release|Any CPU
		{88F412C1-FC84-87F6-B42F-9A9341A71664}.Release|Any CPU.Build.0 = Release|Any CPU
		{E1042946-C2BE-B309-83E6-9257AF9AF338}.Debug|Any CPU.ActiveCfg = Debug|Any CPU
		{E1042946-C2BE-B309-83E6-9257AF9AF338}.Debug|Any CPU.Build.0 = Debug|Any CPU
		{E1042946-C2BE-B309-83E6-9257AF9AF338}.Release|Any CPU.ActiveCfg = Release|Any CPU
		{E1042946-C2BE-B309-83E6-9257AF9AF338}.Release|Any CPU.Build.0 = Release|Any CPU
		{C5D04EBA-B5C5-FF97-8194-3630B4132638}.Debug|Any CPU.ActiveCfg = Debug|Any CPU
		{C5D04EBA-B5C5-FF97-8194-3630B4132638}.Debug|Any CPU.Build.0 = Debug|Any CPU
		{C5D04EBA-B5C5-FF97-8194-3630B4132638}.Release|Any CPU.ActiveCfg = Release|Any CPU
		{C5D04EBA-B5C5-FF97-8194-3630B4132638}.Release|Any CPU.Build.0 = Release|Any CPU
		{FE9B3FD1-BD40-9693-1476-BDE02A363AF5}.Debug|Any CPU.ActiveCfg = Debug|Any CPU
		{FE9B3FD1-BD40-9693-1476-BDE02A363AF5}.Debug|Any CPU.Build.0 = Debug|Any CPU
		{FE9B3FD1-BD40-9693-1476-BDE02A363AF5}.Release|Any CPU.ActiveCfg = Release|Any CPU
		{FE9B3FD1-BD40-9693-1476-BDE02A363AF5}.Release|Any CPU.Build.0 = Release|Any CPU
		{8BCCD306-09C6-03A2-F7CF-9B401AF4C360}.Debug|Any CPU.ActiveCfg = Debug|Any CPU
		{8BCCD306-09C6-03A2-F7CF-9B401AF4C360}.Debug|Any CPU.Build.0 = Debug|Any CPU
		{8BCCD306-09C6-03A2-F7CF-9B401AF4C360}.Release|Any CPU.ActiveCfg = Release|Any CPU
		{8BCCD306-09C6-03A2-F7CF-9B401AF4C360}.Release|Any CPU.Build.0 = Release|Any CPU
	EndGlobalSection
	GlobalSection(SolutionProperties) = preSolution
		HideSolutionNode = FALSE
	EndGlobalSection
EndGlobal
